// !$*UTF8*$!
{
	archiveVersion = 1;
	classes = {
	};
	objectVersion = 55;
	objects = {

/* Begin PBXBuildFile section */
		C8CD785627FEE6D000205E41 /* CombinePlaygroundApp.swift in Sources */ = {isa = PBXBuildFile; fileRef = C8CD785527FEE6D000205E41 /* CombinePlaygroundApp.swift */; };
		C8CD785827FEE6D000205E41 /* ContentView.swift in Sources */ = {isa = PBXBuildFile; fileRef = C8CD785727FEE6D000205E41 /* ContentView.swift */; };
		C8CD785A27FEE6D100205E41 /* Assets.xcassets in Resources */ = {isa = PBXBuildFile; fileRef = C8CD785927FEE6D100205E41 /* Assets.xcassets */; };
		C8CD785D27FEE6D100205E41 /* Preview Assets.xcassets in Resources */ = {isa = PBXBuildFile; fileRef = C8CD785C27FEE6D100205E41 /* Preview Assets.xcassets */; };
		C8CD786527FEE6F500205E41 /* ViewModel.swift in Sources */ = {isa = PBXBuildFile; fileRef = C8CD786427FEE6F500205E41 /* ViewModel.swift */; };
		C8CD786927FF006200205E41 /* APIWithPassthrough.swift in Sources */ = {isa = PBXBuildFile; fileRef = C8CD786827FF006200205E41 /* APIWithPassthrough.swift */; };
		C8CD786B27FF008600205E41 /* CompanyPublisher.swift in Sources */ = {isa = PBXBuildFile; fileRef = C8CD786A27FF008600205E41 /* CompanyPublisher.swift */; };
/* End PBXBuildFile section */

/* Begin PBXFileReference section */
		C8CD785227FEE6D000205E41 /* CombinePlayground.app */ = {isa = PBXFileReference; explicitFileType = wrapper.application; includeInIndex = 0; path = CombinePlayground.app; sourceTree = BUILT_PRODUCTS_DIR; };
		C8CD785527FEE6D000205E41 /* CombinePlaygroundApp.swift */ = {isa = PBXFileReference; lastKnownFileType = sourcecode.swift; path = CombinePlaygroundApp.swift; sourceTree = "<group>"; };
		C8CD785727FEE6D000205E41 /* ContentView.swift */ = {isa = PBXFileReference; lastKnownFileType = sourcecode.swift; path = ContentView.swift; sourceTree = "<group>"; };
		C8CD785927FEE6D100205E41 /* Assets.xcassets */ = {isa = PBXFileReference; lastKnownFileType = folder.assetcatalog; path = Assets.xcassets; sourceTree = "<group>"; };
		C8CD785C27FEE6D100205E41 /* Preview Assets.xcassets */ = {isa = PBXFileReference; lastKnownFileType = folder.assetcatalog; path = "Preview Assets.xcassets"; sourceTree = "<group>"; };
		C8CD785E27FEE6D100205E41 /* CombinePlayground.entitlements */ = {isa = PBXFileReference; lastKnownFileType = text.plist.entitlements; path = CombinePlayground.entitlements; sourceTree = "<group>"; };
		C8CD786427FEE6F500205E41 /* ViewModel.swift */ = {isa = PBXFileReference; lastKnownFileType = sourcecode.swift; path = ViewModel.swift; sourceTree = "<group>"; };
		C8CD786827FF006200205E41 /* APIWithPassthrough.swift */ = {isa = PBXFileReference; lastKnownFileType = sourcecode.swift; path = APIWithPassthrough.swift; sourceTree = "<group>"; };
		C8CD786A27FF008600205E41 /* CompanyPublisher.swift */ = {isa = PBXFileReference; lastKnownFileType = sourcecode.swift; path = CompanyPublisher.swift; sourceTree = "<group>"; };
/* End PBXFileReference section */

/* Begin PBXFrameworksBuildPhase section */
		C8CD784F27FEE6D000205E41 /* Frameworks */ = {
			isa = PBXFrameworksBuildPhase;
			buildActionMask = 2147483647;
			files = (
			);
			runOnlyForDeploymentPostprocessing = 0;
		};
/* End PBXFrameworksBuildPhase section */

/* Begin PBXGroup section */
		C8CD784927FEE6D000205E41 = {
			isa = PBXGroup;
			children = (
				C8CD786427FEE6F500205E41 /* ViewModel.swift */,
				C8CD785427FEE6D000205E41 /* CombinePlayground */,
				C8CD785327FEE6D000205E41 /* Products */,
			);
			sourceTree = "<group>";
		};
		C8CD785327FEE6D000205E41 /* Products */ = {
			isa = PBXGroup;
			children = (
				C8CD785227FEE6D000205E41 /* CombinePlayground.app */,
			);
			name = Products;
			sourceTree = "<group>";
		};
		C8CD785427FEE6D000205E41 /* CombinePlayground */ = {
			isa = PBXGroup;
			children = (
				C8CD786727FF004400205E41 /* Demo Classes */,
				C8CD785527FEE6D000205E41 /* CombinePlaygroundApp.swift */,
				C8CD785727FEE6D000205E41 /* ContentView.swift */,
				C8CD785927FEE6D100205E41 /* Assets.xcassets */,
				C8CD785E27FEE6D100205E41 /* CombinePlayground.entitlements */,
				C8CD785B27FEE6D100205E41 /* Preview Content */,
			);
			path = CombinePlayground;
			sourceTree = "<group>";
		};
		C8CD785B27FEE6D100205E41 /* Preview Content */ = {
			isa = PBXGroup;
			children = (
				C8CD785C27FEE6D100205E41 /* Preview Assets.xcassets */,
			);
			path = "Preview Content";
			sourceTree = "<group>";
		};
		C8CD786727FF004400205E41 /* Demo Classes */ = {
			isa = PBXGroup;
			children = (
				C8CD786827FF006200205E41 /* APIWithPassthrough.swift */,
				C8CD786A27FF008600205E41 /* CompanyPublisher.swift */,
			);
			path = "Demo Classes";
			sourceTree = "<group>";
		};
/* End PBXGroup section */

/* Begin PBXNativeTarget section */
		C8CD785127FEE6D000205E41 /* CombinePlayground */ = {
			isa = PBXNativeTarget;
			buildConfigurationList = C8CD786127FEE6D100205E41 /* Build configuration list for PBXNativeTarget "CombinePlayground" */;
			buildPhases = (
				C8CD784E27FEE6D000205E41 /* Sources */,
				C8CD784F27FEE6D000205E41 /* Frameworks */,
				C8CD785027FEE6D000205E41 /* Resources */,
			);
			buildRules = (
			);
			dependencies = (
			);
			name = CombinePlayground;
			productName = CombinePlayground;
			productReference = C8CD785227FEE6D000205E41 /* CombinePlayground.app */;
			productType = "com.apple.product-type.application";
		};
/* End PBXNativeTarget section */

/* Begin PBXProject section */
		C8CD784A27FEE6D000205E41 /* Project object */ = {
			isa = PBXProject;
			attributes = {
				BuildIndependentTargetsInParallel = 1;
				LastSwiftUpdateCheck = 1330;
				LastUpgradeCheck = 1330;
				TargetAttributes = {
					C8CD785127FEE6D000205E41 = {
						CreatedOnToolsVersion = 13.3;
					};
				};
			};
			buildConfigurationList = C8CD784D27FEE6D000205E41 /* Build configuration list for PBXProject "CombinePlayground" */;
			compatibilityVersion = "Xcode 13.0";
			developmentRegion = en;
			hasScannedForEncodings = 0;
			knownRegions = (
				en,
				Base,
			);
			mainGroup = C8CD784927FEE6D000205E41;
			productRefGroup = C8CD785327FEE6D000205E41 /* Products */;
			projectDirPath = "";
			projectRoot = "";
			targets = (
				C8CD785127FEE6D000205E41 /* CombinePlayground */,
			);
		};
/* End PBXProject section */

/* Begin PBXResourcesBuildPhase section */
		C8CD785027FEE6D000205E41 /* Resources */ = {
			isa = PBXResourcesBuildPhase;
			buildActionMask = 2147483647;
			files = (
				C8CD785D27FEE6D100205E41 /* Preview Assets.xcassets in Resources */,
				C8CD785A27FEE6D100205E41 /* Assets.xcassets in Resources */,
			);
			runOnlyForDeploymentPostprocessing = 0;
		};
/* End PBXResourcesBuildPhase section */

/* Begin PBXSourcesBuildPhase section */
		C8CD784E27FEE6D000205E41 /* Sources */ = {
			isa = PBXSourcesBuildPhase;
			buildActionMask = 2147483647;
			files = (
				C8CD785827FEE6D000205E41 /* ContentView.swift in Sources */,
				C8CD786927FF006200205E41 /* APIWithPassthrough.swift in Sources */,
				C8CD786527FEE6F500205E41 /* ViewModel.swift in Sources */,
				C8CD786B27FF008600205E41 /* CompanyPublisher.swift in Sources */,
				C8CD785627FEE6D000205E41 /* CombinePlaygroundApp.swift in Sources */,
			);
			runOnlyForDeploymentPostprocessing = 0;
		};
/* End PBXSourcesBuildPhase section */

/* Begin XCBuildConfiguration section */
		C8CD785F27FEE6D100205E41 /* Debug */ = {
			isa = XCBuildConfiguration;
			buildSettings = {
				ALWAYS_SEARCH_USER_PATHS = NO;
				CLANG_ANALYZER_NONNULL = YES;
				CLANG_ANALYZER_NUMBER_OBJECT_CONVERSION = YES_AGGRESSIVE;
				CLANG_CXX_LANGUAGE_STANDARD = "gnu++17";
				CLANG_ENABLE_MODULES = YES;
				CLANG_ENABLE_OBJC_ARC = YES;
				CLANG_ENABLE_OBJC_WEAK = YES;
				CLANG_WARN_BLOCK_CAPTURE_AUTORELEASING = YES;
				CLANG_WARN_BOOL_CONVERSION = YES;
				CLANG_WARN_COMMA = YES;
				CLANG_WARN_CONSTANT_CONVERSION = YES;
				CLANG_WARN_DEPRECATED_OBJC_IMPLEMENTATIONS = YES;
				CLANG_WARN_DIRECT_OBJC_ISA_USAGE = YES_ERROR;
				CLANG_WARN_DOCUMENTATION_COMMENTS = YES;
				CLANG_WARN_EMPTY_BODY = YES;
				CLANG_WARN_ENUM_CONVERSION = YES;
				CLANG_WARN_INFINITE_RECURSION = YES;
				CLANG_WARN_INT_CONVERSION = YES;
				CLANG_WARN_NON_LITERAL_NULL_CONVERSION = YES;
				CLANG_WARN_OBJC_IMPLICIT_RETAIN_SELF = YES;
				CLANG_WARN_OBJC_LITERAL_CONVERSION = YES;
				CLANG_WARN_OBJC_ROOT_CLASS = YES_ERROR;
				CLANG_WARN_QUOTED_INCLUDE_IN_FRAMEWORK_HEADER = YES;
				CLANG_WARN_RANGE_LOOP_ANALYSIS = YES;
				CLANG_WARN_STRICT_PROTOTYPES = YES;
				CLANG_WARN_SUSPICIOUS_MOVE = YES;
				CLANG_WARN_UNGUARDED_AVAILABILITY = YES_AGGRESSIVE;
				CLANG_WARN_UNREACHABLE_CODE = YES;
				CLANG_WARN__DUPLICATE_METHOD_MATCH = YES;
				COPY_PHASE_STRIP = NO;
				DEBUG_INFORMATION_FORMAT = dwarf;
				ENABLE_STRICT_OBJC_MSGSEND = YES;
				ENABLE_TESTABILITY = YES;
				GCC_C_LANGUAGE_STANDARD = gnu11;
				GCC_DYNAMIC_NO_PIC = NO;
				GCC_NO_COMMON_BLOCKS = YES;
				GCC_OPTIMIZATION_LEVEL = 0;
				GCC_PREPROCESSOR_DEFINITIONS = (
					"DEBUG=1",
					"$(inherited)",
				);
				GCC_WARN_64_TO_32_BIT_CONVERSION = YES;
				GCC_WARN_ABOUT_RETURN_TYPE = YES_ERROR;
				GCC_WARN_UNDECLARED_SELECTOR = YES;
				GCC_WARN_UNINITIALIZED_AUTOS = YES_AGGRESSIVE;
				GCC_WARN_UNUSED_FUNCTION = YES;
				GCC_WARN_UNUSED_VARIABLE = YES;
				MACOSX_DEPLOYMENT_TARGET = 12.3;
				MTL_ENABLE_DEBUG_INFO = INCLUDE_SOURCE;
				MTL_FAST_MATH = YES;
				ONLY_ACTIVE_ARCH = YES;
				SDKROOT = macosx;
				SWIFT_ACTIVE_COMPILATION_CONDITIONS = DEBUG;
				SWIFT_OPTIMIZATION_LEVEL = "-Onone";
			};
			name = Debug;
		};
		C8CD786027FEE6D100205E41 /* Release */ = {
			isa = XCBuildConfiguration;
			buildSettings = {
				ALWAYS_SEARCH_USER_PATHS = NO;
				CLANG_ANALYZER_NONNULL = YES;
				CLANG_ANALYZER_NUMBER_OBJECT_CONVERSION = YES_AGGRESSIVE;
				CLANG_CXX_LANGUAGE_STANDARD = "gnu++17";
				CLANG_ENABLE_MODULES = YES;
				CLANG_ENABLE_OBJC_ARC = YES;
				CLANG_ENABLE_OBJC_WEAK = YES;
				CLANG_WARN_BLOCK_CAPTURE_AUTORELEASING = YES;
				CLANG_WARN_BOOL_CONVERSION = YES;
				CLANG_WARN_COMMA = YES;
				CLANG_WARN_CONSTANT_CONVERSION = YES;
				CLANG_WARN_DEPRECATED_OBJC_IMPLEMENTATIONS = YES;
				CLANG_WARN_DIRECT_OBJC_ISA_USAGE = YES_ERROR;
				CLANG_WARN_DOCUMENTATION_COMMENTS = YES;
				CLANG_WARN_EMPTY_BODY = YES;
				CLANG_WARN_ENUM_CONVERSION = YES;
				CLANG_WARN_INFINITE_RECURSION = YES;
				CLANG_WARN_INT_CONVERSION = YES;
				CLANG_WARN_NON_LITERAL_NULL_CONVERSION = YES;
				CLANG_WARN_OBJC_IMPLICIT_RETAIN_SELF = YES;
				CLANG_WARN_OBJC_LITERAL_CONVERSION = YES;
				CLANG_WARN_OBJC_ROOT_CLASS = YES_ERROR;
				CLANG_WARN_QUOTED_INCLUDE_IN_FRAMEWORK_HEADER = YES;
				CLANG_WARN_RANGE_LOOP_ANALYSIS = YES;
				CLANG_WARN_STRICT_PROTOTYPES = YES;
				CLANG_WARN_SUSPICIOUS_MOVE = YES;
				CLANG_WARN_UNGUARDED_AVAILABILITY = YES_AGGRESSIVE;
				CLANG_WARN_UNREACHABLE_CODE = YES;
				CLANG_WARN__DUPLICATE_METHOD_MATCH = YES;
				COPY_PHASE_STRIP = NO;
				DEBUG_INFORMATION_FORMAT = "dwarf-with-dsym";
				ENABLE_NS_ASSERTIONS = NO;
				ENABLE_STRICT_OBJC_MSGSEND = YES;
				GCC_C_LANGUAGE_STANDARD = gnu11;
				GCC_NO_COMMON_BLOCKS = YES;
				GCC_WARN_64_TO_32_BIT_CONVERSION = YES;
				GCC_WARN_ABOUT_RETURN_TYPE = YES_ERROR;
				GCC_WARN_UNDECLARED_SELECTOR = YES;
				GCC_WARN_UNINITIALIZED_AUTOS = YES_AGGRESSIVE;
				GCC_WARN_UNUSED_FUNCTION = YES;
				GCC_WARN_UNUSED_VARIABLE = YES;
				MACOSX_DEPLOYMENT_TARGET = 12.3;
				MTL_ENABLE_DEBUG_INFO = NO;
				MTL_FAST_MATH = YES;
				SDKROOT = macosx;
				SWIFT_COMPILATION_MODE = wholemodule;
				SWIFT_OPTIMIZATION_LEVEL = "-O";
			};
			name = Release;
		};
		C8CD786227FEE6D100205E41 /* Debug */ = {
			isa = XCBuildConfiguration;
			buildSettings = {
				ASSETCATALOG_COMPILER_APPICON_NAME = AppIcon;
				ASSETCATALOG_COMPILER_GLOBAL_ACCENT_COLOR_NAME = AccentColor;
				CODE_SIGN_ENTITLEMENTS = CombinePlayground/CombinePlayground.entitlements;
				CODE_SIGN_STYLE = Automatic;
				COMBINE_HIDPI_IMAGES = YES;
				CURRENT_PROJECT_VERSION = 1;
				DEVELOPMENT_ASSET_PATHS = "\"CombinePlayground/Preview Content\"";
				DEVELOPMENT_TEAM = UDGLB23X37;
				ENABLE_HARDENED_RUNTIME = YES;
				ENABLE_PREVIEWS = YES;
				GENERATE_INFOPLIST_FILE = YES;
				INFOPLIST_KEY_NSHumanReadableCopyright = "";
				LD_RUNPATH_SEARCH_PATHS = (
					"$(inherited)",
					"@executable_path/../Frameworks",
				);
				MARKETING_VERSION = 1.0;
				PRODUCT_BUNDLE_IDENTIFIER = app.otato.CombinePlayground;
				PRODUCT_NAME = "$(TARGET_NAME)";
				SWIFT_EMIT_LOC_STRINGS = YES;
				SWIFT_VERSION = 5.0;
			};
			name = Debug;
		};
		C8CD786327FEE6D100205E41 /* Release */ = {
			isa = XCBuildConfiguration;
			buildSettings = {
				ASSETCATALOG_COMPILER_APPICON_NAME = AppIcon;
				ASSETCATALOG_COMPILER_GLOBAL_ACCENT_COLOR_NAME = AccentColor;
				CODE_SIGN_ENTITLEMENTS = CombinePlayground/CombinePlayground.entitlements;
				CODE_SIGN_STYLE = Automatic;
				COMBINE_HIDPI_IMAGES = YES;
				CURRENT_PROJECT_VERSION = 1;
				DEVELOPMENT_ASSET_PATHS = "\"CombinePlayground/Preview Content\"";
				DEVELOPMENT_TEAM = UDGLB23X37;
				ENABLE_HARDENED_RUNTIME = YES;
				ENABLE_PREVIEWS = YES;
				GENERATE_INFOPLIST_FILE = YES;
				INFOPLIST_KEY_NSHumanReadableCopyright = "";
				LD_RUNPATH_SEARCH_PATHS = (
					"$(inherited)",
					"@executable_path/../Frameworks",
				);
				MARKETING_VERSION = 1.0;
				PRODUCT_BUNDLE_IDENTIFIER = app.otato.CombinePlayground;
				PRODUCT_NAME = "$(TARGET_NAME)";
				SWIFT_EMIT_LOC_STRINGS = YES;
				SWIFT_VERSION = 5.0;
			};
			name = Release;
		};
/* End XCBuildConfiguration section */

/* Begin XCConfigurationList section */
		C8CD784D27FEE6D000205E41 /* Build configuration list for PBXProject "CombinePlayground" */ = {
			isa = XCConfigurationList;
			buildConfigurations = (
				C8CD785F27FEE6D100205E41 /* Debug */,
				C8CD786027FEE6D100205E41 /* Release */,
			);
			defaultConfigurationIsVisible = 0;
			defaultConfigurationName = Release;
		};
		C8CD786127FEE6D100205E41 /* Build configuration list for PBXNativeTarget "CombinePlayground" */ = {
			isa = XCConfigurationList;
			buildConfigurations = (
				C8CD786227FEE6D100205E41 /* Debug */,
				C8CD786327FEE6D100205E41 /* Release */,
			);
			defaultConfigurationIsVisible = 0;
			defaultConfigurationName = Release;
		};
/* End XCConfigurationList section */
	};
	rootObject = C8CD784A27FEE6D000205E41 /* Project object */;
}
